# THIS IS AN AUTOGENERATED FILE. DO NOT EDIT THIS FILE DIRECTLY.
# yarn lockfile v1


create-next-app@^12.2.1:
  version "12.2.1"
  resolved "https://registry.yarnpkg.com/create-next-app/-/create-next-app-12.2.1.tgz#f18261834c73b750abadf7981f59c5264440ee29"
  integrity sha512-6V3TdpHLDfxltLlfERRTFtpBojpJ0vmy2C+n6bzaQcsaQ8WqHaQaa9nFA6e3VfEObn0iREb1lVeVFccqAx52eA==

create-test@^1.0.0:
  version "1.0.0"
  resolved "https://registry.yarnpkg.com/create-test/-/create-test-1.0.0.tgz#3f93520cb41bbea50dc90c299b768cbd75617f8e"
  integrity sha512-1fwlcKSRY/YirnUJhVOKqI5dzyW6NMw8cyyV/NRK60F100G5gRDMnVhbubzO5MrT/TXU57sYDX6NGMV7aXbenw==
